
Microsoft Visual Studio Solution File, Format Version 12.00
# Visual Studio 15
VisualStudioVersion = 15.0.28307.168
MinimumVisualStudioVersion = 10.0.40219.1
Project("{FAE04EC0-301F-11D3-BF4B-00C04F79EFBC}") = "TicketReservation_System", "TicketReservation_System\TicketReservation_System.csproj", "{8A6218A9-4B82-441A-BDC5-9CA8C3C13B51}"
EndProject
Global
	GlobalSection(SolutionConfigurationPlatforms) = preSolution
		Debug|Any CPU = Debug|Any CPU
		Release|Any CPU = Release|Any CPU
	EndGlobalSection
	GlobalSection(ProjectConfigurationPlatforms) = postSolution
		{8A6218A9-4B82-441A-BDC5-9CA8C3C13B51}.Debug|Any CPU.ActiveCfg = Debug|Any CPU
		{8A6218A9-4B82-441A-BDC5-9CA8C3C13B51}.Debug|Any CPU.Build.0 = Debug|Any CPU
		{8A6218A9-4B82-441A-BDC5-9CA8C3C13B51}.Release|Any CPU.ActiveCfg = Release|Any CPU
		{8A6218A9-4B82-441A-BDC5-9CA8C3C13B51}.Release|Any CPU.Build.0 = Release|Any CPU
	EndGlobalSection
	GlobalSection(SolutionProperties) = preSolution
		HideSolutionNode = FALSE
	EndGlobalSection
	GlobalSection(ExtensibilityGlobals) = postSolution
		SolutionGuid = {6DE134F8-F671-4938-976C-E740D94A580F}
	EndGlobalSection
EndGlobal
